
Microsoft Visual Studio Solution File, Format Version 12.00
# Visual Studio 15
VisualStudioVersion = 15.0.26124.0
MinimumVisualStudioVersion = 15.0.26124.0
Project("{FAE04EC0-301F-11D3-BF4B-00C04F79EFBC}") = "Domain", "Domain\Domain.csproj", "{37D708BB-94A6-42EB-9DB9-14BA8D2C8B44}"
EndProject
Project("{FAE04EC0-301F-11D3-BF4B-00C04F79EFBC}") = "Application", "Application\Application.csproj", "{CF334333-8FBF-4BD4-8C3E-69E2E7EFF8A2}"
EndProject
Project("{FAE04EC0-301F-11D3-BF4B-00C04F79EFBC}") = "Persistence", "Persistence\Persistence.csproj", "{F884613F-DC8D-423A-AB1B-8DE241922570}"
EndProject
Project("{FAE04EC0-301F-11D3-BF4B-00C04F79EFBC}") = "API", "API\API.csproj", "{F10E3495-D550-430C-B16C-39E4CE3C39EB}"
EndProject
Global
	GlobalSection(SolutionConfigurationPlatforms) = preSolution
		Debug|Any CPU = Debug|Any CPU
		Debug|x64 = Debug|x64
		Debug|x86 = Debug|x86
		Release|Any CPU = Release|Any CPU
		Release|x64 = Release|x64
		Release|x86 = Release|x86
	EndGlobalSection
	GlobalSection(SolutionProperties) = preSolution
		HideSolutionNode = FALSE
	EndGlobalSection
	GlobalSection(ProjectConfigurationPlatforms) = postSolution
		{37D708BB-94A6-42EB-9DB9-14BA8D2C8B44}.Debug|Any CPU.ActiveCfg = Debug|Any CPU
		{37D708BB-94A6-42EB-9DB9-14BA8D2C8B44}.Debug|Any CPU.Build.0 = Debug|Any CPU
		{37D708BB-94A6-42EB-9DB9-14BA8D2C8B44}.Debug|x64.ActiveCfg = Debug|Any CPU
		{37D708BB-94A6-42EB-9DB9-14BA8D2C8B44}.Debug|x64.Build.0 = Debug|Any CPU
		{37D708BB-94A6-42EB-9DB9-14BA8D2C8B44}.Debug|x86.ActiveCfg = Debug|Any CPU
		{37D708BB-94A6-42EB-9DB9-14BA8D2C8B44}.Debug|x86.Build.0 = Debug|Any CPU
		{37D708BB-94A6-42EB-9DB9-14BA8D2C8B44}.Release|Any CPU.ActiveCfg = Release|Any CPU
		{37D708BB-94A6-42EB-9DB9-14BA8D2C8B44}.Release|Any CPU.Build.0 = Release|Any CPU
		{37D708BB-94A6-42EB-9DB9-14BA8D2C8B44}.Release|x64.ActiveCfg = Release|Any CPU
		{37D708BB-94A6-42EB-9DB9-14BA8D2C8B44}.Release|x64.Build.0 = Release|Any CPU
		{37D708BB-94A6-42EB-9DB9-14BA8D2C8B44}.Release|x86.ActiveCfg = Release|Any CPU
		{37D708BB-94A6-42EB-9DB9-14BA8D2C8B44}.Release|x86.Build.0 = Release|Any CPU
		{CF334333-8FBF-4BD4-8C3E-69E2E7EFF8A2}.Debug|Any CPU.ActiveCfg = Debug|Any CPU
		{CF334333-8FBF-4BD4-8C3E-69E2E7EFF8A2}.Debug|Any CPU.Build.0 = Debug|Any CPU
		{CF334333-8FBF-4BD4-8C3E-69E2E7EFF8A2}.Debug|x64.ActiveCfg = Debug|Any CPU
		{CF334333-8FBF-4BD4-8C3E-69E2E7EFF8A2}.Debug|x64.Build.0 = Debug|Any CPU
		{CF334333-8FBF-4BD4-8C3E-69E2E7EFF8A2}.Debug|x86.ActiveCfg = Debug|Any CPU
		{CF334333-8FBF-4BD4-8C3E-69E2E7EFF8A2}.Debug|x86.Build.0 = Debug|Any CPU
		{CF334333-8FBF-4BD4-8C3E-69E2E7EFF8A2}.Release|Any CPU.ActiveCfg = Release|Any CPU
		{CF334333-8FBF-4BD4-8C3E-69E2E7EFF8A2}.Release|Any CPU.Build.0 = Release|Any CPU
		{CF334333-8FBF-4BD4-8C3E-69E2E7EFF8A2}.Release|x64.ActiveCfg = Release|Any CPU
		{CF334333-8FBF-4BD4-8C3E-69E2E7EFF8A2}.Release|x64.Build.0 = Release|Any CPU
		{CF334333-8FBF-4BD4-8C3E-69E2E7EFF8A2}.Release|x86.ActiveCfg = Release|Any CPU
		{CF334333-8FBF-4BD4-8C3E-69E2E7EFF8A2}.Release|x86.Build.0 = Release|Any CPU
		{F884613F-DC8D-423A-AB1B-8DE241922570}.Debug|Any CPU.ActiveCfg = Debug|Any CPU
		{F884613F-DC8D-423A-AB1B-8DE241922570}.Debug|Any CPU.Build.0 = Debug|Any CPU
		{F884613F-DC8D-423A-AB1B-8DE241922570}.Debug|x64.ActiveCfg = Debug|Any CPU
		{F884613F-DC8D-423A-AB1B-8DE241922570}.Debug|x64.Build.0 = Debug|Any CPU
		{F884613F-DC8D-423A-AB1B-8DE241922570}.Debug|x86.ActiveCfg = Debug|Any CPU
		{F884613F-DC8D-423A-AB1B-8DE241922570}.Debug|x86.Build.0 = Debug|Any CPU
		{F884613F-DC8D-423A-AB1B-8DE241922570}.Release|Any CPU.ActiveCfg = Release|Any CPU
		{F884613F-DC8D-423A-AB1B-8DE241922570}.Release|Any CPU.Build.0 = Release|Any CPU
		{F884613F-DC8D-423A-AB1B-8DE241922570}.Release|x64.ActiveCfg = Release|Any CPU
		{F884613F-DC8D-423A-AB1B-8DE241922570}.Release|x64.Build.0 = Release|Any CPU
		{F884613F-DC8D-423A-AB1B-8DE241922570}.Release|x86.ActiveCfg = Release|Any CPU
		{F884613F-DC8D-423A-AB1B-8DE241922570}.Release|x86.Build.0 = Release|Any CPU
		{F10E3495-D550-430C-B16C-39E4CE3C39EB}.Debug|Any CPU.ActiveCfg = Debug|Any CPU
		{F10E3495-D550-430C-B16C-39E4CE3C39EB}.Debug|Any CPU.Build.0 = Debug|Any CPU
		{F10E3495-D550-430C-B16C-39E4CE3C39EB}.Debug|x64.ActiveCfg = Debug|Any CPU
		{F10E3495-D550-430C-B16C-39E4CE3C39EB}.Debug|x64.Build.0 = Debug|Any CPU
		{F10E3495-D550-430C-B16C-39E4CE3C39EB}.Debug|x86.ActiveCfg = Debug|Any CPU
		{F10E3495-D550-430C-B16C-39E4CE3C39EB}.Debug|x86.Build.0 = Debug|Any CPU
		{F10E3495-D550-430C-B16C-39E4CE3C39EB}.Release|Any CPU.ActiveCfg = Release|Any CPU
		{F10E3495-D550-430C-B16C-39E4CE3C39EB}.Release|Any CPU.Build.0 = Release|Any CPU
		{F10E3495-D550-430C-B16C-39E4CE3C39EB}.Release|x64.ActiveCfg = Release|Any CPU
		{F10E3495-D550-430C-B16C-39E4CE3C39EB}.Release|x64.Build.0 = Release|Any CPU
		{F10E3495-D550-430C-B16C-39E4CE3C39EB}.Release|x86.ActiveCfg = Release|Any CPU
		{F10E3495-D550-430C-B16C-39E4CE3C39EB}.Release|x86.Build.0 = Release|Any CPU
	EndGlobalSection
EndGlobal
